
Microsoft Visual Studio Solution File, Format Version 12.00
# Visual Studio 14
VisualStudioVersion = 14.0.25420.1
MinimumVisualStudioVersion = 10.0.40219.1
Project("{FAE04EC0-301F-11D3-BF4B-00C04F79EFBC}") = "ProjetoLivraria", "ProjetoLivraria\ProjetoLivraria.csproj", "{41201AE2-B4FE-4AFD-8FE3-E9AB82F7EA21}"
EndProject
Project("{FAE04EC0-301F-11D3-BF4B-00C04F79EFBC}") = "BLL", "BLL\BLL.csproj", "{7B3CEA2F-C372-422A-96A7-A8EDB501D370}"
EndProject
Global
	GlobalSection(SolutionConfigurationPlatforms) = preSolution
		Debug|Any CPU = Debug|Any CPU
		Release|Any CPU = Release|Any CPU
	EndGlobalSection
	GlobalSection(ProjectConfigurationPlatforms) = postSolution
		{41201AE2-B4FE-4AFD-8FE3-E9AB82F7EA21}.Debug|Any CPU.ActiveCfg = Debug|Any CPU
		{41201AE2-B4FE-4AFD-8FE3-E9AB82F7EA21}.Debug|Any CPU.Build.0 = Debug|Any CPU
		{41201AE2-B4FE-4AFD-8FE3-E9AB82F7EA21}.Release|Any CPU.ActiveCfg = Release|Any CPU
		{41201AE2-B4FE-4AFD-8FE3-E9AB82F7EA21}.Release|Any CPU.Build.0 = Release|Any CPU
		{7B3CEA2F-C372-422A-96A7-A8EDB501D370}.Debug|Any CPU.ActiveCfg = Debug|Any CPU
		{7B3CEA2F-C372-422A-96A7-A8EDB501D370}.Debug|Any CPU.Build.0 = Debug|Any CPU
		{7B3CEA2F-C372-422A-96A7-A8EDB501D370}.Release|Any CPU.ActiveCfg = Release|Any CPU
		{7B3CEA2F-C372-422A-96A7-A8EDB501D370}.Release|Any CPU.Build.0 = Release|Any CPU
	EndGlobalSection
	GlobalSection(SolutionProperties) = preSolution
		HideSolutionNode = FALSE
	EndGlobalSection
EndGlobal
